
Microsoft Visual Studio Solution File, Format Version 12.00
Project("{FAE04EC0-301F-11D3-BF4B-00C04F79EFBC}") = "DocBot", "DocBot\DocBot.csproj", "{08D2AD0F-1C86-4F14-BD24-84D979AF1D6F}"
EndProject
Global
	GlobalSection(SolutionConfigurationPlatforms) = preSolution
		Debug|Any CPU = Debug|Any CPU
		Release|Any CPU = Release|Any CPU
	EndGlobalSection
	GlobalSection(ProjectConfigurationPlatforms) = postSolution
		{08D2AD0F-1C86-4F14-BD24-84D979AF1D6F}.Debug|Any CPU.ActiveCfg = Debug|Any CPU
		{08D2AD0F-1C86-4F14-BD24-84D979AF1D6F}.Debug|Any CPU.Build.0 = Debug|Any CPU
		{08D2AD0F-1C86-4F14-BD24-84D979AF1D6F}.Release|Any CPU.ActiveCfg = Release|Any CPU
		{08D2AD0F-1C86-4F14-BD24-84D979AF1D6F}.Release|Any CPU.Build.0 = Release|Any CPU
	EndGlobalSection
EndGlobal
